PODS:
  - DBLineChart (0.0.1):
    - DBLineChart/LineChart (= 0.0.1)
  - DBLineChart/LineChart (0.0.1):
    - DBLineChart/Utility
  - DBLineChart/Utility (0.0.1)

DEPENDENCIES:
  - DBLineChart (from `./`)

EXTERNAL SOURCES:
  DBLineChart:
    :path: ./

SPEC CHECKSUMS:
  DBLineChart: f66ec4d08c8ae8056b4a62fa4a719a9d36fe57c1

PODFILE CHECKSUM: 37bd37c9428d01b1c0fa7ad334fbeea42c012a02

COCOAPODS: 1.5.3
